
Microsoft Visual Studio Solution File, Format Version 12.00
# Visual Studio Version 16
VisualStudioVersion = 16.0.30114.105
MinimumVisualStudioVersion = 10.0.40219.1
Project("{FAE04EC0-301F-11D3-BF4B-00C04F79EFBC}") = "BuildListener", "BuildListener\BuildListener.csproj", "{C52EC1BD-7B94-4A56-9CC0-B63274594B9F}"
EndProject
Project("{D954291E-2A0B-460D-934E-DC6B0785DB48}") = "Models", "Models\Models.shproj", "{253248EA-EEF0-43AD-99AD-4D9FEA79C476}"
EndProject
Project("{FAE04EC0-301F-11D3-BF4B-00C04F79EFBC}") = "Visualizer", "Visualizer\Visualizer.csproj", "{D1913BDE-42BA-426A-BF88-AEA446CD43A7}"
EndProject
Global
	GlobalSection(SharedMSBuildProjectFiles) = preSolution
		Models\Models.projitems*{253248ea-eef0-43ad-99ad-4d9fea79c476}*SharedItemsImports = 13
		Models\Models.projitems*{c52ec1bd-7b94-4a56-9cc0-b63274594b9f}*SharedItemsImports = 4
		Models\Models.projitems*{d1913bde-42ba-426a-bf88-aea446cd43a7}*SharedItemsImports = 5
	EndGlobalSection
	GlobalSection(SolutionConfigurationPlatforms) = preSolution
		Debug|Any CPU = Debug|Any CPU
		Debug|x64 = Debug|x64
		Debug|x86 = Debug|x86
		Release|Any CPU = Release|Any CPU
		Release|x64 = Release|x64
		Release|x86 = Release|x86
	EndGlobalSection
	GlobalSection(ProjectConfigurationPlatforms) = postSolution
		{C52EC1BD-7B94-4A56-9CC0-B63274594B9F}.Debug|Any CPU.ActiveCfg = Debug|Any CPU
		{C52EC1BD-7B94-4A56-9CC0-B63274594B9F}.Debug|Any CPU.Build.0 = Debug|Any CPU
		{C52EC1BD-7B94-4A56-9CC0-B63274594B9F}.Debug|x64.ActiveCfg = Debug|Any CPU
		{C52EC1BD-7B94-4A56-9CC0-B63274594B9F}.Debug|x64.Build.0 = Debug|Any CPU
		{C52EC1BD-7B94-4A56-9CC0-B63274594B9F}.Debug|x86.ActiveCfg = Debug|Any CPU
		{C52EC1BD-7B94-4A56-9CC0-B63274594B9F}.Debug|x86.Build.0 = Debug|Any CPU
		{C52EC1BD-7B94-4A56-9CC0-B63274594B9F}.Release|Any CPU.ActiveCfg = Release|Any CPU
		{C52EC1BD-7B94-4A56-9CC0-B63274594B9F}.Release|Any CPU.Build.0 = Release|Any CPU
		{C52EC1BD-7B94-4A56-9CC0-B63274594B9F}.Release|x64.ActiveCfg = Release|Any CPU
		{C52EC1BD-7B94-4A56-9CC0-B63274594B9F}.Release|x64.Build.0 = Release|Any CPU
		{C52EC1BD-7B94-4A56-9CC0-B63274594B9F}.Release|x86.ActiveCfg = Release|Any CPU
		{C52EC1BD-7B94-4A56-9CC0-B63274594B9F}.Release|x86.Build.0 = Release|Any CPU
		{D1913BDE-42BA-426A-BF88-AEA446CD43A7}.Debug|Any CPU.ActiveCfg = Debug|Any CPU
		{D1913BDE-42BA-426A-BF88-AEA446CD43A7}.Debug|Any CPU.Build.0 = Debug|Any CPU
		{D1913BDE-42BA-426A-BF88-AEA446CD43A7}.Debug|x64.ActiveCfg = Debug|Any CPU
		{D1913BDE-42BA-426A-BF88-AEA446CD43A7}.Debug|x64.Build.0 = Debug|Any CPU
		{D1913BDE-42BA-426A-BF88-AEA446CD43A7}.Debug|x86.ActiveCfg = Debug|Any CPU
		{D1913BDE-42BA-426A-BF88-AEA446CD43A7}.Debug|x86.Build.0 = Debug|Any CPU
		{D1913BDE-42BA-426A-BF88-AEA446CD43A7}.Release|Any CPU.ActiveCfg = Release|Any CPU
		{D1913BDE-42BA-426A-BF88-AEA446CD43A7}.Release|Any CPU.Build.0 = Release|Any CPU
		{D1913BDE-42BA-426A-BF88-AEA446CD43A7}.Release|x64.ActiveCfg = Release|Any CPU
		{D1913BDE-42BA-426A-BF88-AEA446CD43A7}.Release|x64.Build.0 = Release|Any CPU
		{D1913BDE-42BA-426A-BF88-AEA446CD43A7}.Release|x86.ActiveCfg = Release|Any CPU
		{D1913BDE-42BA-426A-BF88-AEA446CD43A7}.Release|x86.Build.0 = Release|Any CPU
	EndGlobalSection
	GlobalSection(SolutionProperties) = preSolution
		HideSolutionNode = FALSE
	EndGlobalSection
	GlobalSection(ExtensibilityGlobals) = postSolution
		SolutionGuid = {CB43730B-AAFB-4D50-8E93-120E57F64E08}
	EndGlobalSection
EndGlobal
